
Microsoft Visual Studio Solution File, Format Version 11.00
# Visual Studio 2010
Project("{FAE04EC0-301F-11D3-BF4B-00C04F79EFBC}") = "Assembly-CSharp", "Assembly-CSharp.csproj", "{6564acc3-5a2e-0495-3500-56dc6041ebd7}"
EndProject
Project("{FAE04EC0-301F-11D3-BF4B-00C04F79EFBC}") = "Assembly-CSharp-Editor", "Assembly-CSharp-Editor.csproj", "{ce068afa-ff21-1a48-f1cb-42e29491cd25}"
EndProject
Global
	GlobalSection(SolutionConfigurationPlatforms) = preSolution
		Debug|Any CPU = Debug|Any CPU
	EndGlobalSection
	GlobalSection(ProjectConfigurationPlatforms) = postSolution
		{6564acc3-5a2e-0495-3500-56dc6041ebd7}.Debug|Any CPU.ActiveCfg = Debug|Any CPU
		{6564acc3-5a2e-0495-3500-56dc6041ebd7}.Debug|Any CPU.Build.0 = Debug|Any CPU
		{ce068afa-ff21-1a48-f1cb-42e29491cd25}.Debug|Any CPU.ActiveCfg = Debug|Any CPU
		{ce068afa-ff21-1a48-f1cb-42e29491cd25}.Debug|Any CPU.Build.0 = Debug|Any CPU
	EndGlobalSection
	GlobalSection(SolutionProperties) = preSolution
		HideSolutionNode = FALSE
	EndGlobalSection
EndGlobal
